
Microsoft Visual Studio Solution File, Format Version 12.00
# Visual Studio 14
VisualStudioVersion = 14.0.23107.0
MinimumVisualStudioVersion = 10.0.40219.1
Project("{FAE04EC0-301F-11D3-BF4B-00C04F79EFBC}") = "HalClient.Net", "HalClient.Net\HalClient.Net.csproj", "{741D356B-9F70-428B-95A7-CDE0A66028CD}"
EndProject
Project("{FAE04EC0-301F-11D3-BF4B-00C04F79EFBC}") = "HalClient.Net.Tests", "HalClient.Net.Tests\HalClient.Net.Tests.csproj", "{13C29969-0993-4251-A237-5EC83CDE9EF9}"
EndProject
Project("{2150E333-8FDC-42A3-9474-1A3956D46DE8}") = ".nuget", ".nuget", "{16694209-6171-4CEF-BC87-B98052B97348}"
	ProjectSection(SolutionItems) = preProject
		.nuget\NuGet.Config = .nuget\NuGet.Config
		.nuget\NuGet.exe = .nuget\NuGet.exe
		.nuget\NuGet.targets = .nuget\NuGet.targets
	EndProjectSection
EndProject
Project("{2150E333-8FDC-42A3-9474-1A3956D46DE8}") = "Markdown", "Markdown", "{A0ABF803-D29F-4CAC-9842-6718BB852305}"
	ProjectSection(SolutionItems) = preProject
		Licence.md = Licence.md
		ReadMe.md = ReadMe.md
	EndProjectSection
EndProject
Project("{2150E333-8FDC-42A3-9474-1A3956D46DE8}") = "Nuget Package", "Nuget Package", "{3E2617A6-85EB-48C6-820D-EC3758A5CC8E}"
	ProjectSection(SolutionItems) = preProject
		Build.cmd = Build.cmd
		HalClient.Net\HalClient.Net.nuspec = HalClient.Net\HalClient.Net.nuspec
		tools\install.ps1 = tools\install.ps1
	EndProjectSection
EndProject
Global
	GlobalSection(SolutionConfigurationPlatforms) = preSolution
		Debug|Any CPU = Debug|Any CPU
		Release|Any CPU = Release|Any CPU
	EndGlobalSection
	GlobalSection(ProjectConfigurationPlatforms) = postSolution
		{741D356B-9F70-428B-95A7-CDE0A66028CD}.Debug|Any CPU.ActiveCfg = Debug|Any CPU
		{741D356B-9F70-428B-95A7-CDE0A66028CD}.Debug|Any CPU.Build.0 = Debug|Any CPU
		{741D356B-9F70-428B-95A7-CDE0A66028CD}.Release|Any CPU.ActiveCfg = Release|Any CPU
		{741D356B-9F70-428B-95A7-CDE0A66028CD}.Release|Any CPU.Build.0 = Release|Any CPU
		{13C29969-0993-4251-A237-5EC83CDE9EF9}.Debug|Any CPU.ActiveCfg = Debug|Any CPU
		{13C29969-0993-4251-A237-5EC83CDE9EF9}.Debug|Any CPU.Build.0 = Debug|Any CPU
		{13C29969-0993-4251-A237-5EC83CDE9EF9}.Release|Any CPU.ActiveCfg = Release|Any CPU
		{13C29969-0993-4251-A237-5EC83CDE9EF9}.Release|Any CPU.Build.0 = Release|Any CPU
	EndGlobalSection
	GlobalSection(SolutionProperties) = preSolution
		HideSolutionNode = FALSE
	EndGlobalSection
EndGlobal
